// !$*UTF8*$!
{
	archiveVersion = 1;
	classes = {
	};
	objectVersion = 77;
	objects = {

/* Begin PBXContainerItemProxy section */
		AAB7B4082E9FCDED002CDE50 /* PBXContainerItemProxy */ = {
			isa = PBXContainerItemProxy;
			containerPortal = AAB7B3F22E9FCDEC002CDE50 /* Project object */;
			proxyType = 1;
			remoteGlobalIDString = AAB7B3F92E9FCDEC002CDE50;
			remoteInfo = SchwimmTagebuch;
		};
		AAB7B4122E9FCDED002CDE50 /* PBXContainerItemProxy */ = {
			isa = PBXContainerItemProxy;
			containerPortal = AAB7B3F22E9FCDEC002CDE50 /* Project object */;
			proxyType = 1;
			remoteGlobalIDString = AAB7B3F92E9FCDEC002CDE50;
			remoteInfo = SchwimmTagebuch;
		};
/* End PBXContainerItemProxy section */

/* Begin PBXFileReference section */
		AAB7B3FA2E9FCDEC002CDE50 /* SchwimmTagebuch.app */ = {isa = PBXFileReference; explicitFileType = wrapper.application; includeInIndex = 0; path = SchwimmTagebuch.app; sourceTree = BUILT_PRODUCTS_DIR; };
		AAB7B4072E9FCDED002CDE50 /* SchwimmTagebuchTests.xctest */ = {isa = PBXFileReference; explicitFileType = wrapper.cfbundle; includeInIndex = 0; path = SchwimmTagebuchTests.xctest; sourceTree = BUILT_PRODUCTS_DIR; };
		AAB7B4112E9FCDED002CDE50 /* SchwimmTagebuchUITests.xctest */ = {isa = PBXFileReference; explicitFileType = wrapper.cfbundle; includeInIndex = 0; path = SchwimmTagebuchUITests.xctest; sourceTree = BUILT_PRODUCTS_DIR; };
/* End PBXFileReference section */

/* Begin PBXFileSystemSynchronizedRootGroup section */
		AAB7B3FC2E9FCDEC002CDE50 /* SchwimmTagebuch */ = {
			isa = PBXFileSystemSynchronizedRootGroup;
			path = SchwimmTagebuch;
			sourceTree = "<group>";
		};
		AAB7B40A2E9FCDED002CDE50 /* SchwimmTagebuchTests */ = {
			isa = PBXFileSystemSynchronizedRootGroup;
			path = SchwimmTagebuchTests;
			sourceTree = "<group>";
		};
		AAB7B4142E9FCDED002CDE50 /* SchwimmTagebuchUITests */ = {
			isa = PBXFileSystemSynchronizedRootGroup;
			path = SchwimmTagebuchUITests;
			sourceTree = "<group>";
		};
/* End PBXFileSystemSynchronizedRootGroup section */

/* Begin PBXFrameworksBuildPhase section */
		AAB7B3F72E9FCDEC002CDE50 /* Frameworks */ = {
			isa = PBXFrameworksBuildPhase;
			buildActionMask = 2147483647;
			files = (
			);
			runOnlyForDeploymentPostprocessing = 0;
		};
		AAB7B4042E9FCDED002CDE50 /* Frameworks */ = {
			isa = PBXFrameworksBuildPhase;
			buildActionMask = 2147483647;
			files = (
			);
			runOnlyForDeploymentPostprocessing = 0;
		};
		AAB7B40E2E9FCDED002CDE50 /* Frameworks */ = {
			isa = PBXFrameworksBuildPhase;
			buildActionMask = 2147483647;
			files = (
			);
			runOnlyForDeploymentPostprocessing = 0;
		};
/* End PBXFrameworksBuildPhase section */

/* Begin PBXGroup section */
		AAB7B3F12E9FCDEC002CDE50 = {
			isa = PBXGroup;
			children = (
				AAB7B3FC2E9FCDEC002CDE50 /* SchwimmTagebuch */,
				AAB7B40A2E9FCDED002CDE50 /* SchwimmTagebuchTests */,
				AAB7B4142E9FCDED002CDE50 /* SchwimmTagebuchUITests */,
				AAB7B3FB2E9FCDEC002CDE50 /* Products */,
			);
			sourceTree = "<group>";
		};
		AAB7B3FB2E9FCDEC002CDE50 /* Products */ = {
			isa = PBXGroup;
			children = (
				AAB7B3FA2E9FCDEC002CDE50 /* SchwimmTagebuch.app */,
				AAB7B4072E9FCDED002CDE50 /* SchwimmTagebuchTests.xctest */,
				AAB7B4112E9FCDED002CDE50 /* SchwimmTagebuchUITests.xctest */,
			);
			name = Products;
			sourceTree = "<group>";
		};
/* End PBXGroup section */

/* Begin PBXNativeTarget section */
		AAB7B3F92E9FCDEC002CDE50 /* SchwimmTagebuch */ = {
			isa = PBXNativeTarget;
			buildConfigurationList = AAB7B41B2E9FCDED002CDE50 /* Build configuration list for PBXNativeTarget "SchwimmTagebuch" */;
			buildPhases = (
				AAB7B3F62E9FCDEC002CDE50 /* Sources */,
				AAB7B3F72E9FCDEC002CDE50 /* Frameworks */,
				AAB7B3F82E9FCDEC002CDE50 /* Resources */,
			);
			buildRules = (
			);
			dependencies = (
			);
			fileSystemSynchronizedGroups = (
				AAB7B3FC2E9FCDEC002CDE50 /* SchwimmTagebuch */,
			);
			name = SchwimmTagebuch;
			packageProductDependencies = (
			);
			productName = SchwimmTagebuch;
			productReference = AAB7B3FA2E9FCDEC002CDE50 /* SchwimmTagebuch.app */;
			productType = "com.apple.product-type.application";
		};
		AAB7B4062E9FCDED002CDE50 /* SchwimmTagebuchTests */ = {
			isa = PBXNativeTarget;
			buildConfigurationList = AAB7B41E2E9FCDED002CDE50 /* Build configuration list for PBXNativeTarget "SchwimmTagebuchTests" */;
			buildPhases = (
				AAB7B4032E9FCDED002CDE50 /* Sources */,
				AAB7B4042E9FCDED002CDE50 /* Frameworks */,
				AAB7B4052E9FCDED002CDE50 /* Resources */,
			);
			buildRules = (
			);
			dependencies = (
				AAB7B4092E9FCDED002CDE50 /* PBXTargetDependency */,
			);
			fileSystemSynchronizedGroups = (
				AAB7B40A2E9FCDED002CDE50 /* SchwimmTagebuchTests */,
			);
			name = SchwimmTagebuchTests;
			packageProductDependencies = (
			);
			productName = SchwimmTagebuchTests;
			productReference = AAB7B4072E9FCDED002CDE50 /* SchwimmTagebuchTests.xctest */;
			productType = "com.apple.product-type.bundle.unit-test";
		};
		AAB7B4102E9FCDED002CDE50 /* SchwimmTagebuchUITests */ = {
			isa = PBXNativeTarget;
			buildConfigurationList = AAB7B4212E9FCDED002CDE50 /* Build configuration list for PBXNativeTarget "SchwimmTagebuchUITests" */;
			buildPhases = (
				AAB7B40D2E9FCDED002CDE50 /* Sources */,
				AAB7B40E2E9FCDED002CDE50 /* Frameworks */,
				AAB7B40F2E9FCDED002CDE50 /* Resources */,
			);
			buildRules = (
			);
			dependencies = (
				AAB7B4132E9FCDED002CDE50 /* PBXTargetDependency */,
			);
			fileSystemSynchronizedGroups = (
				AAB7B4142E9FCDED002CDE50 /* SchwimmTagebuchUITests */,
			);
			name = SchwimmTagebuchUITests;
			packageProductDependencies = (
			);
			productName = SchwimmTagebuchUITests;
			productReference = AAB7B4112E9FCDED002CDE50 /* SchwimmTagebuchUITests.xctest */;
			productType = "com.apple.product-type.bundle.ui-testing";
		};
/* End PBXNativeTarget section */

/* Begin PBXProject section */
		AAB7B3F22E9FCDEC002CDE50 /* Project object */ = {
			isa = PBXProject;
			attributes = {
				BuildIndependentTargetsInParallel = 1;
				LastSwiftUpdateCheck = 2600;
				LastUpgradeCheck = 2600;
				TargetAttributes = {
					AAB7B3F92E9FCDEC002CDE50 = {
						CreatedOnToolsVersion = 26.0.1;
					};
					AAB7B4062E9FCDED002CDE50 = {
						CreatedOnToolsVersion = 26.0.1;
						TestTargetID = AAB7B3F92E9FCDEC002CDE50;
					};
					AAB7B4102E9FCDED002CDE50 = {
						CreatedOnToolsVersion = 26.0.1;
						TestTargetID = AAB7B3F92E9FCDEC002CDE50;
					};
				};
			};
			buildConfigurationList = AAB7B3F52E9FCDEC002CDE50 /* Build configuration list for PBXProject "SchwimmTagebuch" */;
			developmentRegion = en;
			hasScannedForEncodings = 0;
			knownRegions = (
				en,
				Base,
			);
			mainGroup = AAB7B3F12E9FCDEC002CDE50;
			minimizedProjectReferenceProxies = 1;
			preferredProjectObjectVersion = 77;
			productRefGroup = AAB7B3FB2E9FCDEC002CDE50 /* Products */;
			projectDirPath = "";
			projectRoot = "";
			targets = (
				AAB7B3F92E9FCDEC002CDE50 /* SchwimmTagebuch */,
				AAB7B4062E9FCDED002CDE50 /* SchwimmTagebuchTests */,
				AAB7B4102E9FCDED002CDE50 /* SchwimmTagebuchUITests */,
			);
		};
/* End PBXProject section */

/* Begin PBXResourcesBuildPhase section */
		AAB7B3F82E9FCDEC002CDE50 /* Resources */ = {
			isa = PBXResourcesBuildPhase;
			buildActionMask = 2147483647;
			files = (
			);
			runOnlyForDeploymentPostprocessing = 0;
		};
		AAB7B4052E9FCDED002CDE50 /* Resources */ = {
			isa = PBXResourcesBuildPhase;
			buildActionMask = 2147483647;
			files = (
			);
			runOnlyForDeploymentPostprocessing = 0;
		};
		AAB7B40F2E9FCDED002CDE50 /* Resources */ = {
			isa = PBXResourcesBuildPhase;
			buildActionMask = 2147483647;
			files = (
			);
			runOnlyForDeploymentPostprocessing = 0;
		};
/* End PBXResourcesBuildPhase section */

/* Begin PBXSourcesBuildPhase section */
		AAB7B3F62E9FCDEC002CDE50 /* Sources */ = {
			isa = PBXSourcesBuildPhase;
			buildActionMask = 2147483647;
			files = (
			);
			runOnlyForDeploymentPostprocessing = 0;
		};
		AAB7B4032E9FCDED002CDE50 /* Sources */ = {
			isa = PBXSourcesBuildPhase;
			buildActionMask = 2147483647;
			files = (
			);
			runOnlyForDeploymentPostprocessing = 0;
		};
		AAB7B40D2E9FCDED002CDE50 /* Sources */ = {
			isa = PBXSourcesBuildPhase;
			buildActionMask = 2147483647;
			files = (
			);
			runOnlyForDeploymentPostprocessing = 0;
		};
/* End PBXSourcesBuildPhase section */

/* Begin PBXTargetDependency section */
		AAB7B4092E9FCDED002CDE50 /* PBXTargetDependency */ = {
			isa = PBXTargetDependency;
			target = AAB7B3F92E9FCDEC002CDE50 /* SchwimmTagebuch */;
			targetProxy = AAB7B4082E9FCDED002CDE50 /* PBXContainerItemProxy */;
		};
		AAB7B4132E9FCDED002CDE50 /* PBXTargetDependency */ = {
			isa = PBXTargetDependency;
			target = AAB7B3F92E9FCDEC002CDE50 /* SchwimmTagebuch */;
			targetProxy = AAB7B4122E9FCDED002CDE50 /* PBXContainerItemProxy */;
		};
/* End PBXTargetDependency section */

/* Begin XCBuildConfiguration section */
		AAB7B4192E9FCDED002CDE50 /* Debug */ = {
			isa = XCBuildConfiguration;
			buildSettings = {
				ALWAYS_SEARCH_USER_PATHS = NO;
				ASSETCATALOG_COMPILER_GENERATE_SWIFT_ASSET_SYMBOL_EXTENSIONS = YES;
				CLANG_ANALYZER_NONNULL = YES;
				CLANG_ANALYZER_NUMBER_OBJECT_CONVERSION = YES_AGGRESSIVE;
				CLANG_CXX_LANGUAGE_STANDARD = "gnu++20";
				CLANG_ENABLE_MODULES = YES;
				CLANG_ENABLE_OBJC_ARC = YES;
				CLANG_ENABLE_OBJC_WEAK = YES;
				CLANG_WARN_BLOCK_CAPTURE_AUTORELEASING = YES;
				CLANG_WARN_BOOL_CONVERSION = YES;
				CLANG_WARN_COMMA = YES;
				CLANG_WARN_CONSTANT_CONVERSION = YES;
				CLANG_WARN_DEPRECATED_OBJC_IMPLEMENTATIONS = YES;
				CLANG_WARN_DIRECT_OBJC_ISA_USAGE = YES_ERROR;
				CLANG_WARN_DOCUMENTATION_COMMENTS = YES;
				CLANG_WARN_EMPTY_BODY = YES;
				CLANG_WARN_ENUM_CONVERSION = YES;
				CLANG_WARN_INFINITE_RECURSION = YES;
				CLANG_WARN_INT_CONVERSION = YES;
				CLANG_WARN_NON_LITERAL_NULL_CONVERSION = YES;
				CLANG_WARN_OBJC_IMPLICIT_RETAIN_SELF = YES;
				CLANG_WARN_OBJC_LITERAL_CONVERSION = YES;
				CLANG_WARN_OBJC_ROOT_CLASS = YES_ERROR;
				CLANG_WARN_QUOTED_INCLUDE_IN_FRAMEWORK_HEADER = YES;
				CLANG_WARN_RANGE_LOOP_ANALYSIS = YES;
				CLANG_WARN_STRICT_PROTOTYPES = YES;
				CLANG_WARN_SUSPICIOUS_MOVE = YES;
				CLANG_WARN_UNGUARDED_AVAILABILITY = YES_AGGRESSIVE;
				CLANG_WARN_UNREACHABLE_CODE = YES;
				CLANG_WARN__DUPLICATE_METHOD_MATCH = YES;
				COPY_PHASE_STRIP = NO;
				DEBUG_INFORMATION_FORMAT = dwarf;
				DEVELOPMENT_TEAM = 9558ZS5LJW;
				ENABLE_STRICT_OBJC_MSGSEND = YES;
				ENABLE_TESTABILITY = YES;
				ENABLE_USER_SCRIPT_SANDBOXING = YES;
				GCC_C_LANGUAGE_STANDARD = gnu17;
				GCC_DYNAMIC_NO_PIC = NO;
				GCC_NO_COMMON_BLOCKS = YES;
				GCC_OPTIMIZATION_LEVEL = 0;
				GCC_PREPROCESSOR_DEFINITIONS = (
					"DEBUG=1",
					"$(inherited)",
				);
				GCC_WARN_64_TO_32_BIT_CONVERSION = YES;
				GCC_WARN_ABOUT_RETURN_TYPE = YES_ERROR;
				GCC_WARN_UNDECLARED_SELECTOR = YES;
				GCC_WARN_UNINITIALIZED_AUTOS = YES_AGGRESSIVE;
				GCC_WARN_UNUSED_FUNCTION = YES;
				GCC_WARN_UNUSED_VARIABLE = YES;
				IPHONEOS_DEPLOYMENT_TARGET = 26.0;
				LOCALIZATION_PREFERS_STRING_CATALOGS = YES;
				MTL_ENABLE_DEBUG_INFO = INCLUDE_SOURCE;
				MTL_FAST_MATH = YES;
				ONLY_ACTIVE_ARCH = YES;
				SDKROOT = iphoneos;
				SWIFT_ACTIVE_COMPILATION_CONDITIONS = "DEBUG $(inherited)";
				SWIFT_OPTIMIZATION_LEVEL = "-Onone";
			};
			name = Debug;
		};
		AAB7B41A2E9FCDED002CDE50 /* Release */ = {
			isa = XCBuildConfiguration;
			buildSettings = {
				ALWAYS_SEARCH_USER_PATHS = NO;
				ASSETCATALOG_COMPILER_GENERATE_SWIFT_ASSET_SYMBOL_EXTENSIONS = YES;
				CLANG_ANALYZER_NONNULL = YES;
				CLANG_ANALYZER_NUMBER_OBJECT_CONVERSION = YES_AGGRESSIVE;
				CLANG_CXX_LANGUAGE_STANDARD = "gnu++20";
				CLANG_ENABLE_MODULES = YES;
				CLANG_ENABLE_OBJC_ARC = YES;
				CLANG_ENABLE_OBJC_WEAK = YES;
				CLANG_WARN_BLOCK_CAPTURE_AUTORELEASING = YES;
				CLANG_WARN_BOOL_CONVERSION = YES;
				CLANG_WARN_COMMA = YES;
				CLANG_WARN_CONSTANT_CONVERSION = YES;
				CLANG_WARN_DEPRECATED_OBJC_IMPLEMENTATIONS = YES;
				CLANG_WARN_DIRECT_OBJC_ISA_USAGE = YES_ERROR;
				CLANG_WARN_DOCUMENTATION_COMMENTS = YES;
				CLANG_WARN_EMPTY_BODY = YES;
				CLANG_WARN_ENUM_CONVERSION = YES;
				CLANG_WARN_INFINITE_RECURSION = YES;
				CLANG_WARN_INT_CONVERSION = YES;
				CLANG_WARN_NON_LITERAL_NULL_CONVERSION = YES;
				CLANG_WARN_OBJC_IMPLICIT_RETAIN_SELF = YES;
				CLANG_WARN_OBJC_LITERAL_CONVERSION = YES;
				CLANG_WARN_OBJC_ROOT_CLASS = YES_ERROR;
				CLANG_WARN_QUOTED_INCLUDE_IN_FRAMEWORK_HEADER = YES;
				CLANG_WARN_RANGE_LOOP_ANALYSIS = YES;
				CLANG_WARN_STRICT_PROTOTYPES = YES;
				CLANG_WARN_SUSPICIOUS_MOVE = YES;
				CLANG_WARN_UNGUARDED_AVAILABILITY = YES_AGGRESSIVE;
				CLANG_WARN_UNREACHABLE_CODE = YES;
				CLANG_WARN__DUPLICATE_METHOD_MATCH = YES;
				COPY_PHASE_STRIP = NO;
				DEBUG_INFORMATION_FORMAT = "dwarf-with-dsym";
				DEVELOPMENT_TEAM = 9558ZS5LJW;
				ENABLE_NS_ASSERTIONS = NO;
				ENABLE_STRICT_OBJC_MSGSEND = YES;
				ENABLE_USER_SCRIPT_SANDBOXING = YES;
				GCC_C_LANGUAGE_STANDARD = gnu17;
				GCC_NO_COMMON_BLOCKS = YES;
				GCC_WARN_64_TO_32_BIT_CONVERSION = YES;
				GCC_WARN_ABOUT_RETURN_TYPE = YES_ERROR;
				GCC_WARN_UNDECLARED_SELECTOR = YES;
				GCC_WARN_UNINITIALIZED_AUTOS = YES_AGGRESSIVE;
				GCC_WARN_UNUSED_FUNCTION = YES;
				GCC_WARN_UNUSED_VARIABLE = YES;
				IPHONEOS_DEPLOYMENT_TARGET = 26.0;
				LOCALIZATION_PREFERS_STRING_CATALOGS = YES;
				MTL_ENABLE_DEBUG_INFO = NO;
				MTL_FAST_MATH = YES;
				SDKROOT = iphoneos;
				SWIFT_COMPILATION_MODE = wholemodule;
				VALIDATE_PRODUCT = YES;
			};
			name = Release;
		};
		AAB7B41C2E9FCDED002CDE50 /* Debug */ = {
			isa = XCBuildConfiguration;
			buildSettings = {
				ASSETCATALOG_COMPILER_APPICON_NAME = AppIcon;
				ASSETCATALOG_COMPILER_GLOBAL_ACCENT_COLOR_NAME = AccentColor;
				CODE_SIGN_STYLE = Automatic;
				CURRENT_PROJECT_VERSION = 1;
				DEVELOPMENT_TEAM = 9558ZS5LJW;
				ENABLE_PREVIEWS = YES;
				GENERATE_INFOPLIST_FILE = YES;
				INFOPLIST_KEY_UIApplicationSceneManifest_Generation = YES;
				INFOPLIST_KEY_UIApplicationSupportsIndirectInputEvents = YES;
				INFOPLIST_KEY_UILaunchScreen_Generation = YES;
				INFOPLIST_KEY_UISupportedInterfaceOrientations_iPad = "UIInterfaceOrientationPortrait UIInterfaceOrientationPortraitUpsideDown UIInterfaceOrientationLandscapeLeft UIInterfaceOrientationLandscapeRight";
				INFOPLIST_KEY_UISupportedInterfaceOrientations_iPhone = "UIInterfaceOrientationPortrait UIInterfaceOrientationLandscapeLeft UIInterfaceOrientationLandscapeRight";
				LD_RUNPATH_SEARCH_PATHS = (
					"$(inherited)",
					"@executable_path/Frameworks",
				);
				MARKETING_VERSION = 1.0;
				PRODUCT_BUNDLE_IDENTIFIER = christian.hemker.SchwimmTagebuch;
				PRODUCT_NAME = "$(TARGET_NAME)";
				STRING_CATALOG_GENERATE_SYMBOLS = YES;
				SWIFT_APPROACHABLE_CONCURRENCY = YES;
				SWIFT_DEFAULT_ACTOR_ISOLATION = MainActor;
				SWIFT_EMIT_LOC_STRINGS = YES;
				SWIFT_UPCOMING_FEATURE_MEMBER_IMPORT_VISIBILITY = YES;
				SWIFT_VERSION = 5.0;
				TARGETED_DEVICE_FAMILY = "1,2";
			};
			name = Debug;
		};
		AAB7B41D2E9FCDED002CDE50 /* Release */ = {
			isa = XCBuildConfiguration;
			buildSettings = {
				ASSETCATALOG_COMPILER_APPICON_NAME = AppIcon;
				ASSETCATALOG_COMPILER_GLOBAL_ACCENT_COLOR_NAME = AccentColor;
				CODE_SIGN_STYLE = Automatic;
				CURRENT_PROJECT_VERSION = 1;
				DEVELOPMENT_TEAM = 9558ZS5LJW;
				ENABLE_PREVIEWS = YES;
				GENERATE_INFOPLIST_FILE = YES;
				INFOPLIST_KEY_UIApplicationSceneManifest_Generation = YES;
				INFOPLIST_KEY_UIApplicationSupportsIndirectInputEvents = YES;
				INFOPLIST_KEY_UILaunchScreen_Generation = YES;
				INFOPLIST_KEY_UISupportedInterfaceOrientations_iPad = "UIInterfaceOrientationPortrait UIInterfaceOrientationPortraitUpsideDown UIInterfaceOrientationLandscapeLeft UIInterfaceOrientationLandscapeRight";
				INFOPLIST_KEY_UISupportedInterfaceOrientations_iPhone = "UIInterfaceOrientationPortrait UIInterfaceOrientationLandscapeLeft UIInterfaceOrientationLandscapeRight";
				LD_RUNPATH_SEARCH_PATHS = (
					"$(inherited)",
					"@executable_path/Frameworks",
				);
				MARKETING_VERSION = 1.0;
				PRODUCT_BUNDLE_IDENTIFIER = christian.hemker.SchwimmTagebuch;
				PRODUCT_NAME = "$(TARGET_NAME)";
				STRING_CATALOG_GENERATE_SYMBOLS = YES;
				SWIFT_APPROACHABLE_CONCURRENCY = YES;
				SWIFT_DEFAULT_ACTOR_ISOLATION = MainActor;
				SWIFT_EMIT_LOC_STRINGS = YES;
				SWIFT_UPCOMING_FEATURE_MEMBER_IMPORT_VISIBILITY = YES;
				SWIFT_VERSION = 5.0;
				TARGETED_DEVICE_FAMILY = "1,2";
			};
			name = Release;
		};
		AAB7B41F2E9FCDED002CDE50 /* Debug */ = {
			isa = XCBuildConfiguration;
			buildSettings = {
				BUNDLE_LOADER = "$(TEST_HOST)";
				CODE_SIGN_STYLE = Automatic;
				CURRENT_PROJECT_VERSION = 1;
				DEVELOPMENT_TEAM = 9558ZS5LJW;
				GENERATE_INFOPLIST_FILE = YES;
				IPHONEOS_DEPLOYMENT_TARGET = 26.0;
				MARKETING_VERSION = 1.0;
				PRODUCT_BUNDLE_IDENTIFIER = christian.hemker.SchwimmTagebuchTests;
				PRODUCT_NAME = "$(TARGET_NAME)";
				STRING_CATALOG_GENERATE_SYMBOLS = NO;
				SWIFT_APPROACHABLE_CONCURRENCY = YES;
				SWIFT_EMIT_LOC_STRINGS = NO;
				SWIFT_UPCOMING_FEATURE_MEMBER_IMPORT_VISIBILITY = YES;
				SWIFT_VERSION = 5.0;
				TARGETED_DEVICE_FAMILY = "1,2";
				TEST_HOST = "$(BUILT_PRODUCTS_DIR)/SchwimmTagebuch.app/$(BUNDLE_EXECUTABLE_FOLDER_PATH)/SchwimmTagebuch";
			};
			name = Debug;
		};
		AAB7B4202E9FCDED002CDE50 /* Release */ = {
			isa = XCBuildConfiguration;
			buildSettings = {
				BUNDLE_LOADER = "$(TEST_HOST)";
				CODE_SIGN_STYLE = Automatic;
				CURRENT_PROJECT_VERSION = 1;
				DEVELOPMENT_TEAM = 9558ZS5LJW;
				GENERATE_INFOPLIST_FILE = YES;
				IPHONEOS_DEPLOYMENT_TARGET = 26.0;
				MARKETING_VERSION = 1.0;
				PRODUCT_BUNDLE_IDENTIFIER = christian.hemker.SchwimmTagebuchTests;
				PRODUCT_NAME = "$(TARGET_NAME)";
				STRING_CATALOG_GENERATE_SYMBOLS = NO;
				SWIFT_APPROACHABLE_CONCURRENCY = YES;
				SWIFT_EMIT_LOC_STRINGS = NO;
				SWIFT_UPCOMING_FEATURE_MEMBER_IMPORT_VISIBILITY = YES;
				SWIFT_VERSION = 5.0;
				TARGETED_DEVICE_FAMILY = "1,2";
				TEST_HOST = "$(BUILT_PRODUCTS_DIR)/SchwimmTagebuch.app/$(BUNDLE_EXECUTABLE_FOLDER_PATH)/SchwimmTagebuch";
			};
			name = Release;
		};
		AAB7B4222E9FCDED002CDE50 /* Debug */ = {
			isa = XCBuildConfiguration;
			buildSettings = {
				CODE_SIGN_STYLE = Automatic;
				CURRENT_PROJECT_VERSION = 1;
				DEVELOPMENT_TEAM = 9558ZS5LJW;
				GENERATE_INFOPLIST_FILE = YES;
				MARKETING_VERSION = 1.0;
				PRODUCT_BUNDLE_IDENTIFIER = christian.hemker.SchwimmTagebuchUITests;
				PRODUCT_NAME = "$(TARGET_NAME)";
				STRING_CATALOG_GENERATE_SYMBOLS = NO;
				SWIFT_APPROACHABLE_CONCURRENCY = YES;
				SWIFT_EMIT_LOC_STRINGS = NO;
				SWIFT_UPCOMING_FEATURE_MEMBER_IMPORT_VISIBILITY = YES;
				SWIFT_VERSION = 5.0;
				TARGETED_DEVICE_FAMILY = "1,2";
				TEST_TARGET_NAME = SchwimmTagebuch;
			};
			name = Debug;
		};
		AAB7B4232E9FCDED002CDE50 /* Release */ = {
			isa = XCBuildConfiguration;
			buildSettings = {
				CODE_SIGN_STYLE = Automatic;
				CURRENT_PROJECT_VERSION = 1;
				DEVELOPMENT_TEAM = 9558ZS5LJW;
				GENERATE_INFOPLIST_FILE = YES;
				MARKETING_VERSION = 1.0;
				PRODUCT_BUNDLE_IDENTIFIER = christian.hemker.SchwimmTagebuchUITests;
				PRODUCT_NAME = "$(TARGET_NAME)";
				STRING_CATALOG_GENERATE_SYMBOLS = NO;
				SWIFT_APPROACHABLE_CONCURRENCY = YES;
				SWIFT_EMIT_LOC_STRINGS = NO;
				SWIFT_UPCOMING_FEATURE_MEMBER_IMPORT_VISIBILITY = YES;
				SWIFT_VERSION = 5.0;
				TARGETED_DEVICE_FAMILY = "1,2";
				TEST_TARGET_NAME = SchwimmTagebuch;
			};
			name = Release;
		};
/* End XCBuildConfiguration section */

/* Begin XCConfigurationList section */
		AAB7B3F52E9FCDEC002CDE50 /* Build configuration list for PBXProject "SchwimmTagebuch" */ = {
			isa = XCConfigurationList;
			buildConfigurations = (
				AAB7B4192E9FCDED002CDE50 /* Debug */,
				AAB7B41A2E9FCDED002CDE50 /* Release */,
			);
			defaultConfigurationIsVisible = 0;
			defaultConfigurationName = Release;
		};
		AAB7B41B2E9FCDED002CDE50 /* Build configuration list for PBXNativeTarget "SchwimmTagebuch" */ = {
			isa = XCConfigurationList;
			buildConfigurations = (
				AAB7B41C2E9FCDED002CDE50 /* Debug */,
				AAB7B41D2E9FCDED002CDE50 /* Release */,
			);
			defaultConfigurationIsVisible = 0;
			defaultConfigurationName = Release;
		};
		AAB7B41E2E9FCDED002CDE50 /* Build configuration list for PBXNativeTarget "SchwimmTagebuchTests" */ = {
			isa = XCConfigurationList;
			buildConfigurations = (
				AAB7B41F2E9FCDED002CDE50 /* Debug */,
				AAB7B4202E9FCDED002CDE50 /* Release */,
			);
			defaultConfigurationIsVisible = 0;
			defaultConfigurationName = Release;
		};
		AAB7B4212E9FCDED002CDE50 /* Build configuration list for PBXNativeTarget "SchwimmTagebuchUITests" */ = {
			isa = XCConfigurationList;
			buildConfigurations = (
				AAB7B4222E9FCDED002CDE50 /* Debug */,
				AAB7B4232E9FCDED002CDE50 /* Release */,
			);
			defaultConfigurationIsVisible = 0;
			defaultConfigurationName = Release;
		};
/* End XCConfigurationList section */
	};
	rootObject = AAB7B3F22E9FCDEC002CDE50 /* Project object */;
}
